// !$*UTF8*$!
{
	archiveVersion = 1;
	classes = {
	};
	objectVersion = 46;
	objects = {

/* Begin PBXBuildFile section */
		A9899AD41D01D72600942474 /* Sample.swift in Sources */ = {isa = PBXBuildFile; fileRef = A9899AD31D01D72600942474 /* Sample.swift */; };
		A9E8374E1D00306A0009C80E /* VideoAnalyzer.swift in Sources */ = {isa = PBXBuildFile; fileRef = A9E8374D1D00306A0009C80E /* VideoAnalyzer.swift */; };
		A9E837521D0034DA0009C80E /* ChartView.swift in Sources */ = {isa = PBXBuildFile; fileRef = A9E837511D0034DA0009C80E /* ChartView.swift */; };
		A9E837541D0048C20009C80E /* Utilities.swift in Sources */ = {isa = PBXBuildFile; fileRef = A9E837531D0048C20009C80E /* Utilities.swift */; };
		A9E865BD1D002196003D5E94 /* AppDelegate.swift in Sources */ = {isa = PBXBuildFile; fileRef = A9E865BC1D002196003D5E94 /* AppDelegate.swift */; };
		A9E865BF1D002196003D5E94 /* Document.swift in Sources */ = {isa = PBXBuildFile; fileRef = A9E865BE1D002196003D5E94 /* Document.swift */; };
		A9E865C21D002196003D5E94 /* Document.xib in Resources */ = {isa = PBXBuildFile; fileRef = A9E865C01D002196003D5E94 /* Document.xib */; };
		A9E865C41D002196003D5E94 /* Assets.xcassets in Resources */ = {isa = PBXBuildFile; fileRef = A9E865C31D002196003D5E94 /* Assets.xcassets */; };
		A9E865C71D002196003D5E94 /* MainMenu.xib in Resources */ = {isa = PBXBuildFile; fileRef = A9E865C51D002196003D5E94 /* MainMenu.xib */; };
/* End PBXBuildFile section */

/* Begin PBXFileReference section */
		A9899AD31D01D72600942474 /* Sample.swift */ = {isa = PBXFileReference; fileEncoding = 4; lastKnownFileType = sourcecode.swift; path = Sample.swift; sourceTree = "<group>"; };
		A9E8374D1D00306A0009C80E /* VideoAnalyzer.swift */ = {isa = PBXFileReference; fileEncoding = 4; lastKnownFileType = sourcecode.swift; path = VideoAnalyzer.swift; sourceTree = "<group>"; };
		A9E837511D0034DA0009C80E /* ChartView.swift */ = {isa = PBXFileReference; fileEncoding = 4; lastKnownFileType = sourcecode.swift; path = ChartView.swift; sourceTree = "<group>"; };
		A9E837531D0048C20009C80E /* Utilities.swift */ = {isa = PBXFileReference; fileEncoding = 4; lastKnownFileType = sourcecode.swift; path = Utilities.swift; sourceTree = "<group>"; };
		A9E865B91D002196003D5E94 /* Bitrate Viewer.app */ = {isa = PBXFileReference; explicitFileType = wrapper.application; includeInIndex = 0; path = "Bitrate Viewer.app"; sourceTree = BUILT_PRODUCTS_DIR; };
		A9E865BC1D002196003D5E94 /* AppDelegate.swift */ = {isa = PBXFileReference; lastKnownFileType = sourcecode.swift; path = AppDelegate.swift; sourceTree = "<group>"; };
		A9E865BE1D002196003D5E94 /* Document.swift */ = {isa = PBXFileReference; lastKnownFileType = sourcecode.swift; path = Document.swift; sourceTree = "<group>"; };
		A9E865C11D002196003D5E94 /* Base */ = {isa = PBXFileReference; lastKnownFileType = file.xib; name = Base; path = Base.lproj/Document.xib; sourceTree = "<group>"; };
		A9E865C31D002196003D5E94 /* Assets.xcassets */ = {isa = PBXFileReference; lastKnownFileType = folder.assetcatalog; path = Assets.xcassets; sourceTree = "<group>"; };
		A9E865C61D002196003D5E94 /* Base */ = {isa = PBXFileReference; lastKnownFileType = file.xib; name = Base; path = Base.lproj/MainMenu.xib; sourceTree = "<group>"; };
		A9E865C81D002196003D5E94 /* Info.plist */ = {isa = PBXFileReference; lastKnownFileType = text.plist.xml; path = Info.plist; sourceTree = "<group>"; };
/* End PBXFileReference section */

/* Begin PBXFrameworksBuildPhase section */
		A9E865B61D002196003D5E94 /* Frameworks */ = {
			isa = PBXFrameworksBuildPhase;
			buildActionMask = 2147483647;
			files = (
			);
			runOnlyForDeploymentPostprocessing = 0;
		};
/* End PBXFrameworksBuildPhase section */

/* Begin PBXGroup section */
		A9E865B01D002196003D5E94 = {
			isa = PBXGroup;
			children = (
				A9E865BB1D002196003D5E94 /* Bitrate Viewer */,
				A9E865BA1D002196003D5E94 /* Products */,
			);
			sourceTree = "<group>";
		};
		A9E865BA1D002196003D5E94 /* Products */ = {
			isa = PBXGroup;
			children = (
				A9E865B91D002196003D5E94 /* Bitrate Viewer.app */,
			);
			name = Products;
			sourceTree = "<group>";
		};
		A9E865BB1D002196003D5E94 /* Bitrate Viewer */ = {
			isa = PBXGroup;
			children = (
				A9E865BC1D002196003D5E94 /* AppDelegate.swift */,
				A9E865BE1D002196003D5E94 /* Document.swift */,
				A9E865C01D002196003D5E94 /* Document.xib */,
				A9E837511D0034DA0009C80E /* ChartView.swift */,
				A9899AD31D01D72600942474 /* Sample.swift */,
				A9E8374D1D00306A0009C80E /* VideoAnalyzer.swift */,
				A9E837531D0048C20009C80E /* Utilities.swift */,
				A9E865C31D002196003D5E94 /* Assets.xcassets */,
				A9E865C51D002196003D5E94 /* MainMenu.xib */,
				A9E865C81D002196003D5E94 /* Info.plist */,
			);
			path = "Bitrate Viewer";
			sourceTree = "<group>";
		};
/* End PBXGroup section */

/* Begin PBXNativeTarget section */
		A9E865B81D002196003D5E94 /* Bitrate Viewer */ = {
			isa = PBXNativeTarget;
			buildConfigurationList = A9E865CB1D002196003D5E94 /* Build configuration list for PBXNativeTarget "Bitrate Viewer" */;
			buildPhases = (
				A9E865B51D002196003D5E94 /* Sources */,
				A9E865B61D002196003D5E94 /* Frameworks */,
				A9E865B71D002196003D5E94 /* Resources */,
			);
			buildRules = (
			);
			dependencies = (
			);
			name = "Bitrate Viewer";
			productName = "Bitrate Viewer";
			productReference = A9E865B91D002196003D5E94 /* Bitrate Viewer.app */;
			productType = "com.apple.product-type.application";
		};
/* End PBXNativeTarget section */

/* Begin PBXProject section */
		A9E865B11D002196003D5E94 /* Project object */ = {
			isa = PBXProject;
			attributes = {
				LastSwiftUpdateCheck = 0730;
				LastUpgradeCheck = 0930;
				ORGANIZATIONNAME = "Damiano Galassi";
				TargetAttributes = {
					A9E865B81D002196003D5E94 = {
						CreatedOnToolsVersion = 7.3.1;
						LastSwiftMigration = 0900;
					};
				};
			};
			buildConfigurationList = A9E865B41D002196003D5E94 /* Build configuration list for PBXProject "Bitrate Viewer" */;
			compatibilityVersion = "Xcode 3.2";
			developmentRegion = English;
			hasScannedForEncodings = 0;
			knownRegions = (
				en,
				Base,
			);
			mainGroup = A9E865B01D002196003D5E94;
			productRefGroup = A9E865BA1D002196003D5E94 /* Products */;
			projectDirPath = "";
			projectRoot = "";
			targets = (
				A9E865B81D002196003D5E94 /* Bitrate Viewer */,
			);
		};
/* End PBXProject section */

/* Begin PBXResourcesBuildPhase section */
		A9E865B71D002196003D5E94 /* Resources */ = {
			isa = PBXResourcesBuildPhase;
			buildActionMask = 2147483647;
			files = (
				A9E865C41D002196003D5E94 /* Assets.xcassets in Resources */,
				A9E865C21D002196003D5E94 /* Document.xib in Resources */,
				A9E865C71D002196003D5E94 /* MainMenu.xib in Resources */,
			);
			runOnlyForDeploymentPostprocessing = 0;
		};
/* End PBXResourcesBuildPhase section */

/* Begin PBXSourcesBuildPhase section */
		A9E865B51D002196003D5E94 /* Sources */ = {
			isa = PBXSourcesBuildPhase;
			buildActionMask = 2147483647;
			files = (
				A9E8374E1D00306A0009C80E /* VideoAnalyzer.swift in Sources */,
				A9899AD41D01D72600942474 /* Sample.swift in Sources */,
				A9E865BF1D002196003D5E94 /* Document.swift in Sources */,
				A9E865BD1D002196003D5E94 /* AppDelegate.swift in Sources */,
				A9E837541D0048C20009C80E /* Utilities.swift in Sources */,
				A9E837521D0034DA0009C80E /* ChartView.swift in Sources */,
			);
			runOnlyForDeploymentPostprocessing = 0;
		};
/* End PBXSourcesBuildPhase section */

/* Begin PBXVariantGroup section */
		A9E865C01D002196003D5E94 /* Document.xib */ = {
			isa = PBXVariantGroup;
			children = (
				A9E865C11D002196003D5E94 /* Base */,
			);
			name = Document.xib;
			sourceTree = "<group>";
		};
		A9E865C51D002196003D5E94 /* MainMenu.xib */ = {
			isa = PBXVariantGroup;
			children = (
				A9E865C61D002196003D5E94 /* Base */,
			);
			name = MainMenu.xib;
			sourceTree = "<group>";
		};
/* End PBXVariantGroup section */

/* Begin XCBuildConfiguration section */
		A9E865C91D002196003D5E94 /* Debug */ = {
			isa = XCBuildConfiguration;
			buildSettings = {
				CLANG_ANALYZER_NONNULL = YES;
				CLANG_CXX_LIBRARY = "libc++";
				CLANG_ENABLE_MODULES = YES;
				CLANG_ENABLE_OBJC_ARC = YES;
				CLANG_WARN_BLOCK_CAPTURE_AUTORELEASING = YES;
				CLANG_WARN_BOOL_CONVERSION = YES;
				CLANG_WARN_COMMA = YES;
				CLANG_WARN_CONSTANT_CONVERSION = YES;
				CLANG_WARN_DEPRECATED_OBJC_IMPLEMENTATIONS = YES;
				CLANG_WARN_DIRECT_OBJC_ISA_USAGE = YES_ERROR;
				CLANG_WARN_EMPTY_BODY = YES;
				CLANG_WARN_ENUM_CONVERSION = YES;
				CLANG_WARN_INFINITE_RECURSION = YES;
				CLANG_WARN_INT_CONVERSION = YES;
				CLANG_WARN_NON_LITERAL_NULL_CONVERSION = YES;
				CLANG_WARN_OBJC_IMPLICIT_RETAIN_SELF = YES;
				CLANG_WARN_OBJC_LITERAL_CONVERSION = YES;
				CLANG_WARN_OBJC_ROOT_CLASS = YES_ERROR;
				CLANG_WARN_RANGE_LOOP_ANALYSIS = YES;
				CLANG_WARN_STRICT_PROTOTYPES = YES;
				CLANG_WARN_SUSPICIOUS_MOVE = YES;
				CLANG_WARN_UNREACHABLE_CODE = YES;
				CLANG_WARN__DUPLICATE_METHOD_MATCH = YES;
				CODE_SIGN_IDENTITY = "-";
				COPY_PHASE_STRIP = NO;
				DEBUG_INFORMATION_FORMAT = dwarf;
				ENABLE_STRICT_OBJC_MSGSEND = YES;
				ENABLE_TESTABILITY = YES;
				GCC_DYNAMIC_NO_PIC = NO;
				GCC_NO_COMMON_BLOCKS = YES;
				GCC_OPTIMIZATION_LEVEL = 0;
				GCC_PREPROCESSOR_DEFINITIONS = (
					"DEBUG=1",
					"$(inherited)",
				);
				GCC_WARN_64_TO_32_BIT_CONVERSION = YES;
				GCC_WARN_ABOUT_RETURN_TYPE = YES_ERROR;
				GCC_WARN_UNDECLARED_SELECTOR = YES;
				GCC_WARN_UNINITIALIZED_AUTOS = YES_AGGRESSIVE;
				GCC_WARN_UNUSED_FUNCTION = YES;
				GCC_WARN_UNUSED_VARIABLE = YES;
				MACOSX_DEPLOYMENT_TARGET = 10.11;
				MTL_ENABLE_DEBUG_INFO = YES;
				ONLY_ACTIVE_ARCH = YES;
				SDKROOT = macosx;
				SWIFT_OPTIMIZATION_LEVEL = "-Onone";
			};
			name = Debug;
		};
		A9E865CA1D002196003D5E94 /* Release */ = {
			isa = XCBuildConfiguration;
			buildSettings = {
				CLANG_ANALYZER_NONNULL = YES;
				CLANG_CXX_LIBRARY = "libc++";
				CLANG_ENABLE_MODULES = YES;
				CLANG_ENABLE_OBJC_ARC = YES;
				CLANG_WARN_BLOCK_CAPTURE_AUTORELEASING = YES;
				CLANG_WARN_BOOL_CONVERSION = YES;
				CLANG_WARN_COMMA = YES;
				CLANG_WARN_CONSTANT_CONVERSION = YES;
				CLANG_WARN_DEPRECATED_OBJC_IMPLEMENTATIONS = YES;
				CLANG_WARN_DIRECT_OBJC_ISA_USAGE = YES_ERROR;
				CLANG_WARN_EMPTY_BODY = YES;
				CLANG_WARN_ENUM_CONVERSION = YES;
				CLANG_WARN_INFINITE_RECURSION = YES;
				CLANG_WARN_INT_CONVERSION = YES;
				CLANG_WARN_NON_LITERAL_NULL_CONVERSION = YES;
				CLANG_WARN_OBJC_IMPLICIT_RETAIN_SELF = YES;
				CLANG_WARN_OBJC_LITERAL_CONVERSION = YES;
				CLANG_WARN_OBJC_ROOT_CLASS = YES_ERROR;
				CLANG_WARN_RANGE_LOOP_ANALYSIS = YES;
				CLANG_WARN_STRICT_PROTOTYPES = YES;
				CLANG_WARN_SUSPICIOUS_MOVE = YES;
				CLANG_WARN_UNREACHABLE_CODE = YES;
				CLANG_WARN__DUPLICATE_METHOD_MATCH = YES;
				CODE_SIGN_IDENTITY = "-";
				COPY_PHASE_STRIP = NO;
				DEBUG_INFORMATION_FORMAT = "dwarf-with-dsym";
				ENABLE_NS_ASSERTIONS = NO;
				ENABLE_STRICT_OBJC_MSGSEND = YES;
				GCC_NO_COMMON_BLOCKS = YES;
				GCC_WARN_64_TO_32_BIT_CONVERSION = YES;
				GCC_WARN_ABOUT_RETURN_TYPE = YES_ERROR;
				GCC_WARN_UNDECLARED_SELECTOR = YES;
				GCC_WARN_UNINITIALIZED_AUTOS = YES_AGGRESSIVE;
				GCC_WARN_UNUSED_FUNCTION = YES;
				GCC_WARN_UNUSED_VARIABLE = YES;
				MACOSX_DEPLOYMENT_TARGET = 10.11;
				MTL_ENABLE_DEBUG_INFO = NO;
				SDKROOT = macosx;
			};
			name = Release;
		};
		A9E865CC1D002196003D5E94 /* Debug */ = {
			isa = XCBuildConfiguration;
			buildSettings = {
				ASSETCATALOG_COMPILER_APPICON_NAME = AppIcon;
				COMBINE_HIDPI_IMAGES = YES;
				INFOPLIST_FILE = "Bitrate Viewer/Info.plist";
				LD_RUNPATH_SEARCH_PATHS = "$(inherited) @executable_path/../Frameworks";
				PRODUCT_BUNDLE_IDENTIFIER = "com.galad.Bitrate-Viewer";
				PRODUCT_NAME = "$(TARGET_NAME)";
				SWIFT_VERSION = 4.0;
			};
			name = Debug;
		};
		A9E865CD1D002196003D5E94 /* Release */ = {
			isa = XCBuildConfiguration;
			buildSettings = {
				ASSETCATALOG_COMPILER_APPICON_NAME = AppIcon;
				COMBINE_HIDPI_IMAGES = YES;
				INFOPLIST_FILE = "Bitrate Viewer/Info.plist";
				LD_RUNPATH_SEARCH_PATHS = "$(inherited) @executable_path/../Frameworks";
				PRODUCT_BUNDLE_IDENTIFIER = "com.galad.Bitrate-Viewer";
				PRODUCT_NAME = "$(TARGET_NAME)";
				SWIFT_OPTIMIZATION_LEVEL = "-Owholemodule";
				SWIFT_VERSION = 4.0;
			};
			name = Release;
		};
/* End XCBuildConfiguration section */

/* Begin XCConfigurationList section */
		A9E865B41D002196003D5E94 /* Build configuration list for PBXProject "Bitrate Viewer" */ = {
			isa = XCConfigurationList;
			buildConfigurations = (
				A9E865C91D002196003D5E94 /* Debug */,
				A9E865CA1D002196003D5E94 /* Release */,
			);
			defaultConfigurationIsVisible = 0;
			defaultConfigurationName = Release;
		};
		A9E865CB1D002196003D5E94 /* Build configuration list for PBXNativeTarget "Bitrate Viewer" */ = {
			isa = XCConfigurationList;
			buildConfigurations = (
				A9E865CC1D002196003D5E94 /* Debug */,
				A9E865CD1D002196003D5E94 /* Release */,
			);
			defaultConfigurationIsVisible = 0;
			defaultConfigurationName = Release;
		};
/* End XCConfigurationList section */
	};
	rootObject = A9E865B11D002196003D5E94 /* Project object */;
}
